{
  "originHash" : "7fee168982ae0b64b9a20d740e00ca07af03e9ac830d1cc64bc43480ba118cd6",
  "pins" : [
    {
      "identity" : "moonshine-swift",
      "kind" : "remoteSourceControl",
      "location" : "https://github.com/moonshine-ai/moonshine-swift.git",
      "state" : {
        "revision" : "749ae74ce06505c4558f67e1e92305f62055ec54",
        "version" : "0.0.69"
      }
    }
  ],
  "version" : 3
}
